// !$*UTF8*$!
{
	archiveVersion = 1;
	classes = {
	};
	objectVersion = 50;
	objects = {

/* Begin PBXBuildFile section */
		6E12D757242DA1A7004BFC90 /* AppDelegate.swift in Sources */ = {isa = PBXBuildFile; fileRef = 6E12D756242DA1A7004BFC90 /* AppDelegate.swift */; };
		6E12D759242DA1A7004BFC90 /* ViewController.swift in Sources */ = {isa = PBXBuildFile; fileRef = 6E12D758242DA1A7004BFC90 /* ViewController.swift */; };
		6E12D75B242DA1A7004BFC90 /* BallonZ.rcproject in Sources */ = {isa = PBXBuildFile; fileRef = 6E12D75A242DA1A7004BFC90 /* BallonZ.rcproject */; };
		6E12D75E242DA1A7004BFC90 /* Main.storyboard in Resources */ = {isa = PBXBuildFile; fileRef = 6E12D75C242DA1A7004BFC90 /* Main.storyboard */; };
		6E12D760242DA1A9004BFC90 /* Assets.xcassets in Resources */ = {isa = PBXBuildFile; fileRef = 6E12D75F242DA1A9004BFC90 /* Assets.xcassets */; };
		6E12D763242DA1A9004BFC90 /* LaunchScreen.storyboard in Resources */ = {isa = PBXBuildFile; fileRef = 6E12D761242DA1A9004BFC90 /* LaunchScreen.storyboard */; };
		6E12D76E242DA8A4004BFC90 /* Ballon.swift in Sources */ = {isa = PBXBuildFile; fileRef = 6E12D76D242DA8A4004BFC90 /* Ballon.swift */; };
/* End PBXBuildFile section */

/* Begin PBXFileReference section */
		6E12D753242DA1A7004BFC90 /* BallonZ.app */ = {isa = PBXFileReference; explicitFileType = wrapper.application; includeInIndex = 0; path = BallonZ.app; sourceTree = BUILT_PRODUCTS_DIR; };
		6E12D756242DA1A7004BFC90 /* AppDelegate.swift */ = {isa = PBXFileReference; lastKnownFileType = sourcecode.swift; path = AppDelegate.swift; sourceTree = "<group>"; };
		6E12D758242DA1A7004BFC90 /* ViewController.swift */ = {isa = PBXFileReference; lastKnownFileType = sourcecode.swift; path = ViewController.swift; sourceTree = "<group>"; };
		6E12D75A242DA1A7004BFC90 /* BallonZ.rcproject */ = {isa = PBXFileReference; lastKnownFileType = file.rcproject; path = BallonZ.rcproject; sourceTree = "<group>"; };
		6E12D75D242DA1A7004BFC90 /* Base */ = {isa = PBXFileReference; lastKnownFileType = file.storyboard; name = Base; path = Base.lproj/Main.storyboard; sourceTree = "<group>"; };
		6E12D75F242DA1A9004BFC90 /* Assets.xcassets */ = {isa = PBXFileReference; lastKnownFileType = folder.assetcatalog; path = Assets.xcassets; sourceTree = "<group>"; };
		6E12D762242DA1A9004BFC90 /* Base */ = {isa = PBXFileReference; lastKnownFileType = file.storyboard; name = Base; path = Base.lproj/LaunchScreen.storyboard; sourceTree = "<group>"; };
		6E12D764242DA1A9004BFC90 /* Info.plist */ = {isa = PBXFileReference; lastKnownFileType = text.plist.xml; path = Info.plist; sourceTree = "<group>"; };
		6E12D76D242DA8A4004BFC90 /* Ballon.swift */ = {isa = PBXFileReference; lastKnownFileType = sourcecode.swift; path = Ballon.swift; sourceTree = "<group>"; };
/* End PBXFileReference section */

/* Begin PBXFrameworksBuildPhase section */
		6E12D750242DA1A7004BFC90 /* Frameworks */ = {
			isa = PBXFrameworksBuildPhase;
			buildActionMask = 2147483647;
			files = (
			);
			runOnlyForDeploymentPostprocessing = 0;
		};
/* End PBXFrameworksBuildPhase section */

/* Begin PBXGroup section */
		6E12D74A242DA1A7004BFC90 = {
			isa = PBXGroup;
			children = (
				6E12D755242DA1A7004BFC90 /* BalloonZ */,
				6E12D754242DA1A7004BFC90 /* Products */,
			);
			sourceTree = "<group>";
		};
		6E12D754242DA1A7004BFC90 /* Products */ = {
			isa = PBXGroup;
			children = (
				6E12D753242DA1A7004BFC90 /* BallonZ.app */,
			);
			name = Products;
			sourceTree = "<group>";
		};
		6E12D755242DA1A7004BFC90 /* BalloonZ */ = {
			isa = PBXGroup;
			children = (
				6E12D76C242DA82D004BFC90 /* Controller */,
				6E12D76B242DA829004BFC90 /* View */,
				6E12D76A242DA821004BFC90 /* Model */,
				6E12D75F242DA1A9004BFC90 /* Assets.xcassets */,
				6E12D764242DA1A9004BFC90 /* Info.plist */,
			);
			path = BalloonZ;
			sourceTree = "<group>";
		};
		6E12D76A242DA821004BFC90 /* Model */ = {
			isa = PBXGroup;
			children = (
				6E12D756242DA1A7004BFC90 /* AppDelegate.swift */,
				6E12D76D242DA8A4004BFC90 /* Ballon.swift */,
			);
			path = Model;
			sourceTree = "<group>";
		};
		6E12D76B242DA829004BFC90 /* View */ = {
			isa = PBXGroup;
			children = (
				6E12D75A242DA1A7004BFC90 /* BallonZ.rcproject */,
				6E12D75C242DA1A7004BFC90 /* Main.storyboard */,
				6E12D761242DA1A9004BFC90 /* LaunchScreen.storyboard */,
			);
			path = View;
			sourceTree = "<group>";
		};
		6E12D76C242DA82D004BFC90 /* Controller */ = {
			isa = PBXGroup;
			children = (
				6E12D758242DA1A7004BFC90 /* ViewController.swift */,
			);
			path = Controller;
			sourceTree = "<group>";
		};
/* End PBXGroup section */

/* Begin PBXNativeTarget section */
		6E12D752242DA1A7004BFC90 /* BallonZ */ = {
			isa = PBXNativeTarget;
			buildConfigurationList = 6E12D767242DA1A9004BFC90 /* Build configuration list for PBXNativeTarget "BallonZ" */;
			buildPhases = (
				6E12D74F242DA1A7004BFC90 /* Sources */,
				6E12D750242DA1A7004BFC90 /* Frameworks */,
				6E12D751242DA1A7004BFC90 /* Resources */,
			);
			buildRules = (
			);
			dependencies = (
			);
			name = BallonZ;
			productName = BallonZ;
			productReference = 6E12D753242DA1A7004BFC90 /* BallonZ.app */;
			productType = "com.apple.product-type.application";
		};
/* End PBXNativeTarget section */

/* Begin PBXProject section */
		6E12D74B242DA1A7004BFC90 /* Project object */ = {
			isa = PBXProject;
			attributes = {
				LastSwiftUpdateCheck = 1140;
				LastUpgradeCheck = 1140;
				ORGANIZATIONNAME = "Mateus Augusto M Ferreira";
				TargetAttributes = {
					6E12D752242DA1A7004BFC90 = {
						CreatedOnToolsVersion = 11.4;
					};
				};
			};
			buildConfigurationList = 6E12D74E242DA1A7004BFC90 /* Build configuration list for PBXProject "BallonZ" */;
			compatibilityVersion = "Xcode 9.3";
			developmentRegion = en;
			hasScannedForEncodings = 0;
			knownRegions = (
				en,
				Base,
			);
			mainGroup = 6E12D74A242DA1A7004BFC90;
			productRefGroup = 6E12D754242DA1A7004BFC90 /* Products */;
			projectDirPath = "";
			projectRoot = "";
			targets = (
				6E12D752242DA1A7004BFC90 /* BallonZ */,
			);
		};
/* End PBXProject section */

/* Begin PBXResourcesBuildPhase section */
		6E12D751242DA1A7004BFC90 /* Resources */ = {
			isa = PBXResourcesBuildPhase;
			buildActionMask = 2147483647;
			files = (
				6E12D763242DA1A9004BFC90 /* LaunchScreen.storyboard in Resources */,
				6E12D760242DA1A9004BFC90 /* Assets.xcassets in Resources */,
				6E12D75E242DA1A7004BFC90 /* Main.storyboard in Resources */,
			);
			runOnlyForDeploymentPostprocessing = 0;
		};
/* End PBXResourcesBuildPhase section */

/* Begin PBXSourcesBuildPhase section */
		6E12D74F242DA1A7004BFC90 /* Sources */ = {
			isa = PBXSourcesBuildPhase;
			buildActionMask = 2147483647;
			files = (
				6E12D759242DA1A7004BFC90 /* ViewController.swift in Sources */,
				6E12D757242DA1A7004BFC90 /* AppDelegate.swift in Sources */,
				6E12D75B242DA1A7004BFC90 /* BallonZ.rcproject in Sources */,
				6E12D76E242DA8A4004BFC90 /* Ballon.swift in Sources */,
			);
			runOnlyForDeploymentPostprocessing = 0;
		};
/* End PBXSourcesBuildPhase section */

/* Begin PBXVariantGroup section */
		6E12D75C242DA1A7004BFC90 /* Main.storyboard */ = {
			isa = PBXVariantGroup;
			children = (
				6E12D75D242DA1A7004BFC90 /* Base */,
			);
			name = Main.storyboard;
			sourceTree = "<group>";
		};
		6E12D761242DA1A9004BFC90 /* LaunchScreen.storyboard */ = {
			isa = PBXVariantGroup;
			children = (
				6E12D762242DA1A9004BFC90 /* Base */,
			);
			name = LaunchScreen.storyboard;
			sourceTree = "<group>";
		};
/* End PBXVariantGroup section */

/* Begin XCBuildConfiguration section */
		6E12D765242DA1A9004BFC90 /* Debug */ = {
			isa = XCBuildConfiguration;
			buildSettings = {
				ALWAYS_SEARCH_USER_PATHS = NO;
				CLANG_ANALYZER_NONNULL = YES;
				CLANG_ANALYZER_NUMBER_OBJECT_CONVERSION = YES_AGGRESSIVE;
				CLANG_CXX_LANGUAGE_STANDARD = "gnu++14";
				CLANG_CXX_LIBRARY = "libc++";
				CLANG_ENABLE_MODULES = YES;
				CLANG_ENABLE_OBJC_ARC = YES;
				CLANG_ENABLE_OBJC_WEAK = YES;
				CLANG_WARN_BLOCK_CAPTURE_AUTORELEASING = YES;
				CLANG_WARN_BOOL_CONVERSION = YES;
				CLANG_WARN_COMMA = YES;
				CLANG_WARN_CONSTANT_CONVERSION = YES;
				CLANG_WARN_DEPRECATED_OBJC_IMPLEMENTATIONS = YES;
				CLANG_WARN_DIRECT_OBJC_ISA_USAGE = YES_ERROR;
				CLANG_WARN_DOCUMENTATION_COMMENTS = YES;
				CLANG_WARN_EMPTY_BODY = YES;
				CLANG_WARN_ENUM_CONVERSION = YES;
				CLANG_WARN_INFINITE_RECURSION = YES;
				CLANG_WARN_INT_CONVERSION = YES;
				CLANG_WARN_NON_LITERAL_NULL_CONVERSION = YES;
				CLANG_WARN_OBJC_IMPLICIT_RETAIN_SELF = YES;
				CLANG_WARN_OBJC_LITERAL_CONVERSION = YES;
				CLANG_WARN_OBJC_ROOT_CLASS = YES_ERROR;
				CLANG_WARN_RANGE_LOOP_ANALYSIS = YES;
				CLANG_WARN_STRICT_PROTOTYPES = YES;
				CLANG_WARN_SUSPICIOUS_MOVE = YES;
				CLANG_WARN_UNGUARDED_AVAILABILITY = YES_AGGRESSIVE;
				CLANG_WARN_UNREACHABLE_CODE = YES;
				CLANG_WARN__DUPLICATE_METHOD_MATCH = YES;
				COPY_PHASE_STRIP = NO;
				DEBUG_INFORMATION_FORMAT = dwarf;
				ENABLE_STRICT_OBJC_MSGSEND = YES;
				ENABLE_TESTABILITY = YES;
				GCC_C_LANGUAGE_STANDARD = gnu11;
				GCC_DYNAMIC_NO_PIC = NO;
				GCC_NO_COMMON_BLOCKS = YES;
				GCC_OPTIMIZATION_LEVEL = 0;
				GCC_PREPROCESSOR_DEFINITIONS = (
					"DEBUG=1",
					"$(inherited)",
				);
				GCC_WARN_64_TO_32_BIT_CONVERSION = YES;
				GCC_WARN_ABOUT_RETURN_TYPE = YES_ERROR;
				GCC_WARN_UNDECLARED_SELECTOR = YES;
				GCC_WARN_UNINITIALIZED_AUTOS = YES_AGGRESSIVE;
				GCC_WARN_UNUSED_FUNCTION = YES;
				GCC_WARN_UNUSED_VARIABLE = YES;
				IPHONEOS_DEPLOYMENT_TARGET = 13.4;
				MTL_ENABLE_DEBUG_INFO = INCLUDE_SOURCE;
				MTL_FAST_MATH = YES;
				ONLY_ACTIVE_ARCH = YES;
				SDKROOT = iphoneos;
				SWIFT_ACTIVE_COMPILATION_CONDITIONS = DEBUG;
				SWIFT_OPTIMIZATION_LEVEL = "-Onone";
			};
			name = Debug;
		};
		6E12D766242DA1A9004BFC90 /* Release */ = {
			isa = XCBuildConfiguration;
			buildSettings = {
				ALWAYS_SEARCH_USER_PATHS = NO;
				CLANG_ANALYZER_NONNULL = YES;
				CLANG_ANALYZER_NUMBER_OBJECT_CONVERSION = YES_AGGRESSIVE;
				CLANG_CXX_LANGUAGE_STANDARD = "gnu++14";
				CLANG_CXX_LIBRARY = "libc++";
				CLANG_ENABLE_MODULES = YES;
				CLANG_ENABLE_OBJC_ARC = YES;
				CLANG_ENABLE_OBJC_WEAK = YES;
				CLANG_WARN_BLOCK_CAPTURE_AUTORELEASING = YES;
				CLANG_WARN_BOOL_CONVERSION = YES;
				CLANG_WARN_COMMA = YES;
				CLANG_WARN_CONSTANT_CONVERSION = YES;
				CLANG_WARN_DEPRECATED_OBJC_IMPLEMENTATIONS = YES;
				CLANG_WARN_DIRECT_OBJC_ISA_USAGE = YES_ERROR;
				CLANG_WARN_DOCUMENTATION_COMMENTS = YES;
				CLANG_WARN_EMPTY_BODY = YES;
				CLANG_WARN_ENUM_CONVERSION = YES;
				CLANG_WARN_INFINITE_RECURSION = YES;
				CLANG_WARN_INT_CONVERSION = YES;
				CLANG_WARN_NON_LITERAL_NULL_CONVERSION = YES;
				CLANG_WARN_OBJC_IMPLICIT_RETAIN_SELF = YES;
				CLANG_WARN_OBJC_LITERAL_CONVERSION = YES;
				CLANG_WARN_OBJC_ROOT_CLASS = YES_ERROR;
				CLANG_WARN_RANGE_LOOP_ANALYSIS = YES;
				CLANG_WARN_STRICT_PROTOTYPES = YES;
				CLANG_WARN_SUSPICIOUS_MOVE = YES;
				CLANG_WARN_UNGUARDED_AVAILABILITY = YES_AGGRESSIVE;
				CLANG_WARN_UNREACHABLE_CODE = YES;
				CLANG_WARN__DUPLICATE_METHOD_MATCH = YES;
				COPY_PHASE_STRIP = NO;
				DEBUG_INFORMATION_FORMAT = "dwarf-with-dsym";
				ENABLE_NS_ASSERTIONS = NO;
				ENABLE_STRICT_OBJC_MSGSEND = YES;
				GCC_C_LANGUAGE_STANDARD = gnu11;
				GCC_NO_COMMON_BLOCKS = YES;
				GCC_WARN_64_TO_32_BIT_CONVERSION = YES;
				GCC_WARN_ABOUT_RETURN_TYPE = YES_ERROR;
				GCC_WARN_UNDECLARED_SELECTOR = YES;
				GCC_WARN_UNINITIALIZED_AUTOS = YES_AGGRESSIVE;
				GCC_WARN_UNUSED_FUNCTION = YES;
				GCC_WARN_UNUSED_VARIABLE = YES;
				IPHONEOS_DEPLOYMENT_TARGET = 13.4;
				MTL_ENABLE_DEBUG_INFO = NO;
				MTL_FAST_MATH = YES;
				SDKROOT = iphoneos;
				SWIFT_COMPILATION_MODE = wholemodule;
				SWIFT_OPTIMIZATION_LEVEL = "-O";
				VALIDATE_PRODUCT = YES;
			};
			name = Release;
		};
		6E12D768242DA1A9004BFC90 /* Debug */ = {
			isa = XCBuildConfiguration;
			buildSettings = {
				ASSETCATALOG_COMPILER_APPICON_NAME = AppIcon;
				CODE_SIGN_STYLE = Automatic;
				DEVELOPMENT_TEAM = Z27F7H4265;
				INFOPLIST_FILE = BallonZ/Info.plist;
				LD_RUNPATH_SEARCH_PATHS = (
					"$(inherited)",
					"@executable_path/Frameworks",
				);
				PRODUCT_BUNDLE_IDENTIFIER = com.mateusferreira.BallonZ;
				PRODUCT_NAME = "$(TARGET_NAME)";
				SWIFT_VERSION = 5.0;
				TARGETED_DEVICE_FAMILY = "1,2";
			};
			name = Debug;
		};
		6E12D769242DA1A9004BFC90 /* Release */ = {
			isa = XCBuildConfiguration;
			buildSettings = {
				ASSETCATALOG_COMPILER_APPICON_NAME = AppIcon;
				CODE_SIGN_STYLE = Automatic;
				DEVELOPMENT_TEAM = Z27F7H4265;
				INFOPLIST_FILE = BallonZ/Info.plist;
				LD_RUNPATH_SEARCH_PATHS = (
					"$(inherited)",
					"@executable_path/Frameworks",
				);
				PRODUCT_BUNDLE_IDENTIFIER = com.mateusferreira.BallonZ;
				PRODUCT_NAME = "$(TARGET_NAME)";
				SWIFT_VERSION = 5.0;
				TARGETED_DEVICE_FAMILY = "1,2";
			};
			name = Release;
		};
/* End XCBuildConfiguration section */

/* Begin XCConfigurationList section */
		6E12D74E242DA1A7004BFC90 /* Build configuration list for PBXProject "BallonZ" */ = {
			isa = XCConfigurationList;
			buildConfigurations = (
				6E12D765242DA1A9004BFC90 /* Debug */,
				6E12D766242DA1A9004BFC90 /* Release */,
			);
			defaultConfigurationIsVisible = 0;
			defaultConfigurationName = Release;
		};
		6E12D767242DA1A9004BFC90 /* Build configuration list for PBXNativeTarget "BallonZ" */ = {
			isa = XCConfigurationList;
			buildConfigurations = (
				6E12D768242DA1A9004BFC90 /* Debug */,
				6E12D769242DA1A9004BFC90 /* Release */,
			);
			defaultConfigurationIsVisible = 0;
			defaultConfigurationName = Release;
		};
/* End XCConfigurationList section */
	};
	rootObject = 6E12D74B242DA1A7004BFC90 /* Project object */;
}
